{
    "_meta": {
        "hash": {
            "sha256": "b5a7e453c0f53125db51b13572385479d87e4482c5a27e797fe00d1ff479d1d3"
        },
        "pipfile-spec": 6,
        "requires": {
            "python_version": "3.8"
        },
        "sources": [
            {
                "name": "pypi",
                "url": "https://pypi.org/simple",
                "verify_ssl": true
            }
        ]
    },
    "default": {
        "certifi": {
            "hashes": [
                "sha256:5930595817496dd21bb8dc35dad090f1c2cd0adfaf21204bf6732ca5d8ee34d3",
                "sha256:8fc0819f1f30ba15bdb34cceffb9ef04d99f420f68eb75d901e9560b8749fc41"
            ],
            "version": "==2020.6.20"
        },
        "chardet": {
            "hashes": [
                "sha256:84ab92ed1c4d4f16916e05906b6b75a6c0fb5db821cc65e70cbd64a3e2a5eaae",
                "sha256:fc323ffcaeaed0e0a02bf4d117757b98aed530d9ed4531e3e15460124c106691"
            ],
            "version": "==3.0.4"
        },
        "cython": {
            "hashes": [
                "sha256:0754ec9d45518d0dbb5da72db2c8b063d40c4c51779618c68431054de179387f",
                "sha256:0bb201124f67b8d5e6a3e7c02257ca56a90204611971ecca76c02897096f097d",
                "sha256:0f3488bf2a9e049d1907d35ad8834f542f8c03d858d1bca6d0cbc06b719163e0",
                "sha256:1024714b0f7829b0f712db9cebec92c2782b1f42409b8575cacc340aa438d4ba",
                "sha256:10b6d2e2125169158128b7f11dad8bb0d8f5fba031d5d4f8492f3afbd06491d7",
                "sha256:16ed0260d031d90dda43997e9b0f0eebc3cf18e6ece91cad7b0fb17cd4bfb29b",
                "sha256:22d91af5fc2253f717a1b80b8bb45acb655f643611983fd6f782b9423f8171c7",
                "sha256:2d84e8d2a0c698c1bce7c2a4677f9f03b076e9f0af7095947ecd2a900ffceea5",
                "sha256:34dd57f5ac5a0e3d53da964994fc1b7e7ee3f86172d7a1f0bde8a1f90739e04d",
                "sha256:384582b5024007dfdabc9753e3e0f85d61837b0103b0ee3f8acf04a4bcfad175",
                "sha256:4473f169d6dd02174eb76396cb38ce469f377c08b21965ddf4f88bbbebd5816e",
                "sha256:57f32d1095ad7fad1e7f2ff6e8c6a7197fa532c8e6f4d044ff69212e0bf05461",
                "sha256:5dfe519e400a1672a3ac5bdfb5e957a9c14c52caafb01f4a923998ec9ae77736",
                "sha256:60def282839ed81a2ffae29d2df0a6777fd74478c6e82c6c3f4b54e698b9d11c",
                "sha256:7089fb2be9a9869b9aa277bc6de401928954ce70e139c3cf9b244ae5f490b8f2",
                "sha256:714b8926a84e3e39c5278e43fb8823598db82a4b015cff263b786dc609a5e7d6",
                "sha256:7352b88f2213325c1e111561496a7d53b0326e7f07e6f81f9b8b21420e40851c",
                "sha256:809f0a3f647052c4bcbc34a15f53a5dab90de1a83ebd77add37ed5d3e6ee5d97",
                "sha256:8598b09f7973ccb15c03b21d3185dc129ae7c60d0a6caf8176b7099a4b83483e",
                "sha256:8dc68f93b257718ea0e2bc9be8e3c61d70b6e49ab82391125ba0112a30a21025",
                "sha256:9bfd42c1d40aa26bf76186cba0d89be66ba47e36fa7ea56d71f377585a53f7c4",
                "sha256:a21cb3423acd6dbf383c9e41e8e60c93741987950434c85145864458d30099f3",
                "sha256:a49d0f5c55ad0f4aacad32f058a71d0701cb8936d6883803e50698fa04cac8d2",
                "sha256:a985a7e3c7f1663af398938029659a4381cfe9d1bd982cf19c46b01453e81775",
                "sha256:b3233341c3fe352b1090168bd087686880b582b635d707b2c8f5d4f1cc1fa533",
                "sha256:b32965445b8dbdc36c69fba47e024060f9b39b1b4ceb816da5028eea01924505",
                "sha256:b553473c31297e4ca77fbaea2eb2329889d898c03941d90941679247c17e38fb",
                "sha256:b56c02f14f1708411d95679962b742a1235d33a23535ce4a7f75425447701245",
                "sha256:b7bb0d54ff453c7516d323c3c78b211719f39a506652b79b7e85ba447d5fa9e7",
                "sha256:c5df2c42d4066cda175cd4d075225501e1842cfdbdaeeb388eb7685c367cc3ce",
                "sha256:c5e29333c9e20df384645902bed7a67a287b979da1886c8f10f88e57b69e0f4b",
                "sha256:d0b445def03b4cd33bd2d1ae6fbbe252b6d1ef7077b3b5ba3f2c698a190d26e5",
                "sha256:d490a54814b69d814b157ac86ada98c15fd77fabafc23732818ed9b9f1f0af80"
            ],
            "version": "==0.29.20"
        },
        "fugashi": {
            "hashes": [
                "sha256:031ab2cdbcaa868b9eda9e7e8f25123d9f6c9eef0d10afddc97104576d28198c",
                "sha256:083f3fc120374d7c4cd0be29ef3336f729cc5fcf289b20e97863d9b1b9c4fdd4",
                "sha256:347c1a70699113b83f7a5fba7452bee842e9e397188060d8790d5614f1b86463",
                "sha256:36335ab7af7c3f0f7253100545f1588c329bddbd0005b94d0104815f0ff6fdf6",
                "sha256:3b4e394419696ceb654d71889f178fc58237d03ffb9cdc35deb816846238a5b1",
                "sha256:3f914ec09f902fd0bcfe704a96a69fa44cdabce543dbdcc812bf05e5584e2141",
                "sha256:574c821a6487310bf48c0d6ef278c0888a5ea0c58d73695925b556f69c002efc",
                "sha256:6fa51cbfef17a0993ea5a238998d7b1a681e3f86ecc46a5d41adf2dd3f68ff69",
                "sha256:ab342a827b3f29557be98a4f6243f98912d4a45f3be5728d674b3fe57ec002b6",
                "sha256:cb8de5e5d269699901e356e52db50e9bcd05fbcb4284d946a478717b131a785f",
                "sha256:dc4c7f38a490e400d2302579e20034fd70bdb7d02056641cf488817cf4a0ffde",
                "sha256:e1d27f1acf5d7f03f871556f442cc0463c858cb35ec7de1f4e0c80b054eb222a",
                "sha256:e9d0adceb2985f4accbbc6c63789ff50b370e51dc5c15ccb0a3827c58057e574"
            ],
            "index": "pypi",
            "version": "==1.0.0"
        },
        "idna": {
            "hashes": [
                "sha256:b307872f855b18632ce0c21c5e45be78c0ea7ae4c15c828c20788b26921eb3f6",
                "sha256:b97d804b1e9b523befed77c48dacec60e6dcb0b5391d57af6a65a312a90648c0"
            ],
            "version": "==2.10"
        },
        "plac": {
            "hashes": [
                "sha256:463fdac969afbc18ef0ba196305797a0887eb949983e96f616215f11b7255bf3",
                "sha256:ca03587234e5bdd2a3fa96f19a04a01ebb5b0cd66d48ecb5a54d42bc9b287320"
            ],
            "version": "==1.2.0"
        },
        "requests": {
            "hashes": [
                "sha256:b3559a131db72c33ee969480840fff4bb6dd111de7dd27c8ee1f820f4f00231b",
                "sha256:fe75cc94a9443b9246fc7049224f75604b113c36acb93f87b80ed42c44cbb898"
            ],
            "version": "==2.24.0"
        },
        "tqdm": {
            "hashes": [
                "sha256:63ef7a6d3eb39f80d6b36e4867566b3d8e5f1fe3d6cb50c5e9ede2b3198ba7b7",
                "sha256:7810e627bcf9d983a99d9ff8a0c09674400fd2927eddabeadf153c14a2ec8656"
            ],
            "version": "==4.47.0"
        },
        "unidic": {
            "hashes": [
                "sha256:db73066a9f15b572be74dcb767ffc66ed1220f028b1a23f87ea6530a292da500"
            ],
            "index": "pypi",
            "version": "==1.0.1"
        },
        "urllib3": {
            "hashes": [
                "sha256:3018294ebefce6572a474f0604c2021e33b3fd8006ecd11d62107a5d2a963527",
                "sha256:88206b0eb87e6d677d424843ac5209e3fb9d0190d0ee169599165ec25e9d9115"
            ],
            "version": "==1.25.9"
        },
        "wasabi": {
            "hashes": [
                "sha256:e875f11d7126a2796999ff7f092195f24005edbd90b32b2df16dde5d392ecc8c"
            ],
            "version": "==0.7.0"
        }
    },
    "develop": {}
}
